
Microsoft Visual Studio Solution File, Format Version 12.00
# Visual Studio 15
VisualStudioVersion = 15.0.27428.1
MinimumVisualStudioVersion = 10.0.40219.1
Project("{FAE04EC0-301F-11D3-BF4B-00C04F79EFBC}") = "Helpers", "Helpers\Helpers.csproj", "{CE84F978-5404-4C95-BF9D-0BDA181219EC}"
EndProject
Project("{2150E333-8FDC-42A3-9474-1A3956D46DE8}") = "1.AsyncEvolution", "1.AsyncEvolution", "{E0780C28-ABFF-4A6F-AE50-72710AA58344}"
EndProject
Project("{2150E333-8FDC-42A3-9474-1A3956D46DE8}") = "2.AsyncAwaitExample", "2.AsyncAwaitExample", "{25918328-E8AC-4820-B80B-21551C219CE7}"
EndProject
Project("{FAE04EC0-301F-11D3-BF4B-00C04F79EFBC}") = "1.WorkerNotAsync", "1.AsyncEvolution\1.WorkerNotAsync\1.WorkerNotAsync.csproj", "{EDC7FED1-5D24-4CCF-A542-994090B90BB5}"
EndProject
Project("{FAE04EC0-301F-11D3-BF4B-00C04F79EFBC}") = "2.WorkerAsyncAPM.NET1", "1.AsyncEvolution\2.WorkerAsyncAPM.NET1\2.WorkerAsyncAPM.NET1.csproj", "{1ACCFF22-0A5C-4547-A4E3-742A5DC18EEA}"
EndProject
Project("{FAE04EC0-301F-11D3-BF4B-00C04F79EFBC}") = "3.WorkerAsyncEAP.NET2", "1.AsyncEvolution\3.WorkerAsyncEAP.NET2\3.WorkerAsyncEAP.NET2.csproj", "{CFE3D5C9-87DD-46F1-AA1D-86FB0C851E89}"
EndProject
Project("{FAE04EC0-301F-11D3-BF4B-00C04F79EFBC}") = "4.WorkerAsyncTPL.NET4", "1.AsyncEvolution\4.WorkerAsyncTPL.NET4\4.WorkerAsyncTPL.NET4.csproj", "{65263641-7337-4F82-8B4C-F69F9ECF2AE1}"
EndProject
Project("{FAE04EC0-301F-11D3-BF4B-00C04F79EFBC}") = "5.WorkerAsyncTPL.NET4.5", "1.AsyncEvolution\5.WorkerAsyncTPL.NET4.5\5.WorkerAsyncTPL.NET4.5.csproj", "{51F37551-07D8-4AE6-B63D-7B62E10E516E}"
EndProject
Project("{FAE04EC0-301F-11D3-BF4B-00C04F79EFBC}") = "6.WorkerAsyncTPL.NET4.5.Implementation", "1.AsyncEvolution\6.WorkerAsyncTPL.NET4.5.Implementation\6.WorkerAsyncTPL.NET4.5.Implementation.csproj", "{70C22CB3-EB2C-49C2-AD23-DE3191C326FA}"
EndProject
Project("{FAE04EC0-301F-11D3-BF4B-00C04F79EFBC}") = "1.WpfDemo", "2.Examples\1.WpfDemo\1.WpfDemo.csproj", "{B8BAC91C-2330-4469-96DF-2D617BF2F2A2}"
EndProject
Project("{FAE04EC0-301F-11D3-BF4B-00C04F79EFBC}") = "2.WpfDemo", "2.Examples\2.WpfDemo\2.WpfDemo.csproj", "{24A0EF5E-BBCF-4B31-B6B1-059FABC0B6C5}"
EndProject
Project("{FAE04EC0-301F-11D3-BF4B-00C04F79EFBC}") = "2.WebDemo", "2.Examples\2.WebDemo\2.WebDemo\2.WebDemo.csproj", "{C8176C45-05AC-46B0-A424-217557BC7EA0}"
EndProject
Project("{2150E333-8FDC-42A3-9474-1A3956D46DE8}") = "3.Demos", "3.Demos", "{AAE4A688-E687-4BF4-8C11-CFAFF283FCFA}"
EndProject
Project("{FAE04EC0-301F-11D3-BF4B-00C04F79EFBC}") = "1.ThreadsDemo", "3.Demos\ThreadsDemo\1.ThreadsDemo.csproj", "{42F014F9-AB16-41DF-A0A6-740B3DFDF456}"
EndProject
Project("{FAE04EC0-301F-11D3-BF4B-00C04F79EFBC}") = "2.ConsoleAsyncVoid", "3.Demos\ConsoleAsyncVoid\ConsoleAsyncVoid\2.ConsoleAsyncVoid.csproj", "{6C63B305-EA7B-40CC-945A-88E077EE6D44}"
EndProject
Project("{FAE04EC0-301F-11D3-BF4B-00C04F79EFBC}") = "3.WaitDemo", "3.Demos\WaitDemo\WaitDemo\3.WaitDemo.csproj", "{581AD20F-DCDA-4CF5-8D6D-3C15BD2D8E8E}"
EndProject
Global
	GlobalSection(SolutionConfigurationPlatforms) = preSolution
		Debug|Any CPU = Debug|Any CPU
		Release|Any CPU = Release|Any CPU
	EndGlobalSection
	GlobalSection(ProjectConfigurationPlatforms) = postSolution
		{CE84F978-5404-4C95-BF9D-0BDA181219EC}.Debug|Any CPU.ActiveCfg = Debug|Any CPU
		{CE84F978-5404-4C95-BF9D-0BDA181219EC}.Debug|Any CPU.Build.0 = Debug|Any CPU
		{CE84F978-5404-4C95-BF9D-0BDA181219EC}.Release|Any CPU.ActiveCfg = Release|Any CPU
		{CE84F978-5404-4C95-BF9D-0BDA181219EC}.Release|Any CPU.Build.0 = Release|Any CPU
		{EDC7FED1-5D24-4CCF-A542-994090B90BB5}.Debug|Any CPU.ActiveCfg = Debug|Any CPU
		{EDC7FED1-5D24-4CCF-A542-994090B90BB5}.Debug|Any CPU.Build.0 = Debug|Any CPU
		{EDC7FED1-5D24-4CCF-A542-994090B90BB5}.Release|Any CPU.ActiveCfg = Release|Any CPU
		{EDC7FED1-5D24-4CCF-A542-994090B90BB5}.Release|Any CPU.Build.0 = Release|Any CPU
		{1ACCFF22-0A5C-4547-A4E3-742A5DC18EEA}.Debug|Any CPU.ActiveCfg = Debug|Any CPU
		{1ACCFF22-0A5C-4547-A4E3-742A5DC18EEA}.Debug|Any CPU.Build.0 = Debug|Any CPU
		{1ACCFF22-0A5C-4547-A4E3-742A5DC18EEA}.Release|Any CPU.ActiveCfg = Release|Any CPU
		{1ACCFF22-0A5C-4547-A4E3-742A5DC18EEA}.Release|Any CPU.Build.0 = Release|Any CPU
		{CFE3D5C9-87DD-46F1-AA1D-86FB0C851E89}.Debug|Any CPU.ActiveCfg = Debug|Any CPU
		{CFE3D5C9-87DD-46F1-AA1D-86FB0C851E89}.Debug|Any CPU.Build.0 = Debug|Any CPU
		{CFE3D5C9-87DD-46F1-AA1D-86FB0C851E89}.Release|Any CPU.ActiveCfg = Release|Any CPU
		{CFE3D5C9-87DD-46F1-AA1D-86FB0C851E89}.Release|Any CPU.Build.0 = Release|Any CPU
		{65263641-7337-4F82-8B4C-F69F9ECF2AE1}.Debug|Any CPU.ActiveCfg = Debug|Any CPU
		{65263641-7337-4F82-8B4C-F69F9ECF2AE1}.Debug|Any CPU.Build.0 = Debug|Any CPU
		{65263641-7337-4F82-8B4C-F69F9ECF2AE1}.Release|Any CPU.ActiveCfg = Release|Any CPU
		{65263641-7337-4F82-8B4C-F69F9ECF2AE1}.Release|Any CPU.Build.0 = Release|Any CPU
		{51F37551-07D8-4AE6-B63D-7B62E10E516E}.Debug|Any CPU.ActiveCfg = Debug|Any CPU
		{51F37551-07D8-4AE6-B63D-7B62E10E516E}.Debug|Any CPU.Build.0 = Debug|Any CPU
		{51F37551-07D8-4AE6-B63D-7B62E10E516E}.Release|Any CPU.ActiveCfg = Release|Any CPU
		{51F37551-07D8-4AE6-B63D-7B62E10E516E}.Release|Any CPU.Build.0 = Release|Any CPU
		{70C22CB3-EB2C-49C2-AD23-DE3191C326FA}.Debug|Any CPU.ActiveCfg = Debug|Any CPU
		{70C22CB3-EB2C-49C2-AD23-DE3191C326FA}.Debug|Any CPU.Build.0 = Debug|Any CPU
		{70C22CB3-EB2C-49C2-AD23-DE3191C326FA}.Release|Any CPU.ActiveCfg = Release|Any CPU
		{70C22CB3-EB2C-49C2-AD23-DE3191C326FA}.Release|Any CPU.Build.0 = Release|Any CPU
		{B8BAC91C-2330-4469-96DF-2D617BF2F2A2}.Debug|Any CPU.ActiveCfg = Debug|Any CPU
		{B8BAC91C-2330-4469-96DF-2D617BF2F2A2}.Debug|Any CPU.Build.0 = Debug|Any CPU
		{B8BAC91C-2330-4469-96DF-2D617BF2F2A2}.Release|Any CPU.ActiveCfg = Release|Any CPU
		{B8BAC91C-2330-4469-96DF-2D617BF2F2A2}.Release|Any CPU.Build.0 = Release|Any CPU
		{24A0EF5E-BBCF-4B31-B6B1-059FABC0B6C5}.Debug|Any CPU.ActiveCfg = Debug|Any CPU
		{24A0EF5E-BBCF-4B31-B6B1-059FABC0B6C5}.Debug|Any CPU.Build.0 = Debug|Any CPU
		{24A0EF5E-BBCF-4B31-B6B1-059FABC0B6C5}.Release|Any CPU.ActiveCfg = Release|Any CPU
		{24A0EF5E-BBCF-4B31-B6B1-059FABC0B6C5}.Release|Any CPU.Build.0 = Release|Any CPU
		{C8176C45-05AC-46B0-A424-217557BC7EA0}.Debug|Any CPU.ActiveCfg = Debug|Any CPU
		{C8176C45-05AC-46B0-A424-217557BC7EA0}.Debug|Any CPU.Build.0 = Debug|Any CPU
		{C8176C45-05AC-46B0-A424-217557BC7EA0}.Release|Any CPU.ActiveCfg = Release|Any CPU
		{C8176C45-05AC-46B0-A424-217557BC7EA0}.Release|Any CPU.Build.0 = Release|Any CPU
		{42F014F9-AB16-41DF-A0A6-740B3DFDF456}.Debug|Any CPU.ActiveCfg = Debug|Any CPU
		{42F014F9-AB16-41DF-A0A6-740B3DFDF456}.Debug|Any CPU.Build.0 = Debug|Any CPU
		{42F014F9-AB16-41DF-A0A6-740B3DFDF456}.Release|Any CPU.ActiveCfg = Release|Any CPU
		{42F014F9-AB16-41DF-A0A6-740B3DFDF456}.Release|Any CPU.Build.0 = Release|Any CPU
		{6C63B305-EA7B-40CC-945A-88E077EE6D44}.Debug|Any CPU.ActiveCfg = Debug|Any CPU
		{6C63B305-EA7B-40CC-945A-88E077EE6D44}.Debug|Any CPU.Build.0 = Debug|Any CPU
		{6C63B305-EA7B-40CC-945A-88E077EE6D44}.Release|Any CPU.ActiveCfg = Release|Any CPU
		{6C63B305-EA7B-40CC-945A-88E077EE6D44}.Release|Any CPU.Build.0 = Release|Any CPU
		{581AD20F-DCDA-4CF5-8D6D-3C15BD2D8E8E}.Debug|Any CPU.ActiveCfg = Debug|Any CPU
		{581AD20F-DCDA-4CF5-8D6D-3C15BD2D8E8E}.Debug|Any CPU.Build.0 = Debug|Any CPU
		{581AD20F-DCDA-4CF5-8D6D-3C15BD2D8E8E}.Release|Any CPU.ActiveCfg = Release|Any CPU
		{581AD20F-DCDA-4CF5-8D6D-3C15BD2D8E8E}.Release|Any CPU.Build.0 = Release|Any CPU
	EndGlobalSection
	GlobalSection(SolutionProperties) = preSolution
		HideSolutionNode = FALSE
	EndGlobalSection
	GlobalSection(NestedProjects) = preSolution
		{EDC7FED1-5D24-4CCF-A542-994090B90BB5} = {E0780C28-ABFF-4A6F-AE50-72710AA58344}
		{1ACCFF22-0A5C-4547-A4E3-742A5DC18EEA} = {E0780C28-ABFF-4A6F-AE50-72710AA58344}
		{CFE3D5C9-87DD-46F1-AA1D-86FB0C851E89} = {E0780C28-ABFF-4A6F-AE50-72710AA58344}
		{65263641-7337-4F82-8B4C-F69F9ECF2AE1} = {E0780C28-ABFF-4A6F-AE50-72710AA58344}
		{51F37551-07D8-4AE6-B63D-7B62E10E516E} = {E0780C28-ABFF-4A6F-AE50-72710AA58344}
		{70C22CB3-EB2C-49C2-AD23-DE3191C326FA} = {E0780C28-ABFF-4A6F-AE50-72710AA58344}
		{B8BAC91C-2330-4469-96DF-2D617BF2F2A2} = {25918328-E8AC-4820-B80B-21551C219CE7}
		{24A0EF5E-BBCF-4B31-B6B1-059FABC0B6C5} = {25918328-E8AC-4820-B80B-21551C219CE7}
		{C8176C45-05AC-46B0-A424-217557BC7EA0} = {25918328-E8AC-4820-B80B-21551C219CE7}
		{42F014F9-AB16-41DF-A0A6-740B3DFDF456} = {AAE4A688-E687-4BF4-8C11-CFAFF283FCFA}
		{6C63B305-EA7B-40CC-945A-88E077EE6D44} = {AAE4A688-E687-4BF4-8C11-CFAFF283FCFA}
		{581AD20F-DCDA-4CF5-8D6D-3C15BD2D8E8E} = {AAE4A688-E687-4BF4-8C11-CFAFF283FCFA}
	EndGlobalSection
	GlobalSection(ExtensibilityGlobals) = postSolution
		SolutionGuid = {B6636D9B-0859-4661-8AC5-AA8C4302C41B}
	EndGlobalSection
EndGlobal
